
Microsoft Visual Studio Solution File, Format Version 12.00
# Visual Studio Version 17
VisualStudioVersion = 17.4.33213.308
MinimumVisualStudioVersion = 10.0.40219.1
Project("{FAE04EC0-301F-11D3-BF4B-00C04F79EFBC}") = "01_intro", "01_intro\01_intro.csproj", "{29B7F21B-1865-44B7-A1FF-EFC4B160333D}"
EndProject
Global
	GlobalSection(SolutionConfigurationPlatforms) = preSolution
		Debug|Any CPU = Debug|Any CPU
		Release|Any CPU = Release|Any CPU
	EndGlobalSection
	GlobalSection(ProjectConfigurationPlatforms) = postSolution
		{29B7F21B-1865-44B7-A1FF-EFC4B160333D}.Debug|Any CPU.ActiveCfg = Debug|Any CPU
		{29B7F21B-1865-44B7-A1FF-EFC4B160333D}.Debug|Any CPU.Build.0 = Debug|Any CPU
		{29B7F21B-1865-44B7-A1FF-EFC4B160333D}.Release|Any CPU.ActiveCfg = Release|Any CPU
		{29B7F21B-1865-44B7-A1FF-EFC4B160333D}.Release|Any CPU.Build.0 = Release|Any CPU
	EndGlobalSection
	GlobalSection(SolutionProperties) = preSolution
		HideSolutionNode = FALSE
	EndGlobalSection
	GlobalSection(ExtensibilityGlobals) = postSolution
		SolutionGuid = {E7898B0B-F531-4AF9-B73D-65A7123D0156}
	EndGlobalSection
EndGlobal
