
Microsoft Visual Studio Solution File, Format Version 12.00
# Visual Studio Version 17
VisualStudioVersion = 17.4.33213.308
MinimumVisualStudioVersion = 10.0.40219.1
Project("{FAE04EC0-301F-11D3-BF4B-00C04F79EFBC}") = "01_intro", "01_intro\01_intro.csproj", "{29B7F21B-1865-44B7-A1FF-EFC4B160333D}"
EndProject
Project("{FAE04EC0-301F-11D3-BF4B-00C04F79EFBC}") = "01_helper home date", "01_helper home date\01_helper home date.csproj", "{194E01DC-7A1E-4C8C-A69D-DD9D44F8E0F4}"
EndProject
Project("{FAE04EC0-301F-11D3-BF4B-00C04F79EFBC}") = "02_ref_out_params", "02_ref_out_params\02_ref_out_params.csproj", "{7D169F2C-A78E-4476-9F54-6B537847F2D9}"
EndProject
Project("{FAE04EC0-301F-11D3-BF4B-00C04F79EFBC}") = "03_array", "03_array\03_array.csproj", "{24BF2B5C-295E-47A9-B820-E46CCD87C9A5}"
EndProject
Project("{FAE04EC0-301F-11D3-BF4B-00C04F79EFBC}") = "04_2DArrays", "04_2DArrays\04_2DArrays.csproj", "{F6CA5CB8-4E4E-4E29-85E4-215F61C52895}"
EndProject
Project("{FAE04EC0-301F-11D3-BF4B-00C04F79EFBC}") = "05_jugged array", "05_jugged array\05_jugged array.csproj", "{7850E402-A77C-4428-B2B5-691562A9150B}"
EndProject
Project("{FAE04EC0-301F-11D3-BF4B-00C04F79EFBC}") = "06_params", "06_params\06_params.csproj", "{5464BE8B-AF1D-4C3A-B4BB-7A478DDC3003}"
EndProject
Project("{FAE04EC0-301F-11D3-BF4B-00C04F79EFBC}") = "07_String", "07_String\07_String.csproj", "{3C9273AB-CCEC-4BC3-BAFE-BBF9CD967941}"
EndProject
Project("{FAE04EC0-301F-11D3-BF4B-00C04F79EFBC}") = "08_Enum", "08_Enum\08_Enum.csproj", "{084A750F-3652-414E-AA8B-FB6AEBF07175}"
EndProject
Project("{FAE04EC0-301F-11D3-BF4B-00C04F79EFBC}") = "09_Class", "09_Class\09_Class.csproj", "{D6167F2A-5A50-4B99-B31E-0634122753B5}"
EndProject
Project("{FAE04EC0-301F-11D3-BF4B-00C04F79EFBC}") = "10_Static_field method ctor", "10_Static_field method ctor\10_Static_field method ctor.csproj", "{387C7C86-895E-4271-B36D-4416E23052A8}"
EndProject
Project("{FAE04EC0-301F-11D3-BF4B-00C04F79EFBC}") = "11_static class demo", "11_static class demo\11_static class demo.csproj", "{0253F79D-44DE-4623-8021-C83BDE74CB94}"
EndProject
Project("{FAE04EC0-301F-11D3-BF4B-00C04F79EFBC}") = "12_Overload operators", "12_Overload operators\12_Overload operators.csproj", "{CC320B7F-D1DE-4AE2-9F72-F7B1AFDA56E9}"
EndProject
Project("{FAE04EC0-301F-11D3-BF4B-00C04F79EFBC}") = "13_indexers", "13_indexers\13_indexers.csproj", "{2863692E-7FB7-47D8-8426-6FF3C813F496}"
EndProject
Project("{FAE04EC0-301F-11D3-BF4B-00C04F79EFBC}") = "14_Exception", "14_Exception\14_Exception.csproj", "{85886CDA-FB5F-4C44-B1D7-A45D5BC172BC}"
EndProject
Project("{FAE04EC0-301F-11D3-BF4B-00C04F79EFBC}") = "15_Namespaces", "15_Namespaces\15_Namespaces.csproj", "{48E3338B-06FB-40E9-82E0-77375D83E6EF}"
EndProject
Project("{FAE04EC0-301F-11D3-BF4B-00C04F79EFBC}") = "14_helper Card", "14_helper Card\14_helper Card.csproj", "{2ECA4959-FA7C-4727-9C80-37C31A89017E}"
EndProject
Project("{FAE04EC0-301F-11D3-BF4B-00C04F79EFBC}") = "16_Null_Nullable", "16_Null_Nullable\16_Null_Nullable.csproj", "{5E57F2DB-502E-4F68-A2F7-D87939B0A046}"
EndProject
Project("{FAE04EC0-301F-11D3-BF4B-00C04F79EFBC}") = "17_inheritance", "17_inheritance\17_inheritance.csproj", "{FB901676-66F4-43E4-8067-5F1FEE269710}"
EndProject
Project("{FAE04EC0-301F-11D3-BF4B-00C04F79EFBC}") = "18_ExtensionMethods", "18_ExtensionMethods\18_ExtensionMethods.csproj", "{1E45315A-5DD7-4066-A643-2D869C21449B}"
EndProject
Project("{FAE04EC0-301F-11D3-BF4B-00C04F79EFBC}") = "19_Interface", "19_Interface\19_Interface.csproj", "{E8922E25-30FB-4557-AB13-46D7024F81F6}"
EndProject
Project("{FAE04EC0-301F-11D3-BF4B-00C04F79EFBC}") = "20_ICloneable", "20_ICloneable\20_ICloneable.csproj", "{E64FB81A-07BA-47CE-92EC-CC384E4B8DB9}"
EndProject
Project("{FAE04EC0-301F-11D3-BF4B-00C04F79EFBC}") = "21_IEnumerable _ demo low", "21_IEnumerable\21_IEnumerable _ demo low.csproj", "{CA869161-F6AC-4FE2-8BB2-7E8F15066E90}"
EndProject
Project("{FAE04EC0-301F-11D3-BF4B-00C04F79EFBC}") = "22_IEnumerator", "22_IEnumerator\22_IEnumerator.csproj", "{D8201799-8EB5-4BC6-97EA-9215054E3113}"
EndProject
Project("{FAE04EC0-301F-11D3-BF4B-00C04F79EFBC}") = "23_iComparable", "23_iComparable\23_iComparable.csproj", "{4A9C9EA8-86DA-427B-BD80-D4E569ADB8FF}"
EndProject
Project("{FAE04EC0-301F-11D3-BF4B-00C04F79EFBC}") = "24_generics_methods", "24_generics_methods\24_generics_methods.csproj", "{F2BC483F-D1C1-43CC-ABCC-0A1FA5B93710}"
EndProject
Project("{FAE04EC0-301F-11D3-BF4B-00C04F79EFBC}") = "25_ArrayList vs List", "25_ArrayList vs List\25_ArrayList vs List.csproj", "{7AE0C27F-43DF-4313-89D1-16A6F8B02AEE}"
EndProject
Project("{FAE04EC0-301F-11D3-BF4B-00C04F79EFBC}") = "26_SortedList", "26_SortedList\26_SortedList.csproj", "{0A52DD4C-4578-4106-86CC-FB48D4D4A986}"
EndProject
Project("{FAE04EC0-301F-11D3-BF4B-00C04F79EFBC}") = "27_Dictionary", "27_Dictionary\27_Dictionary.csproj", "{9698F10F-FDBA-4CA9-94E2-D40AB3141207}"
EndProject
Project("{FAE04EC0-301F-11D3-BF4B-00C04F79EFBC}") = "28_Delegate", "28_Delegate\28_Delegate.csproj", "{5995D715-594F-4972-B4E0-6F7A502369EC}"
EndProject
Project("{FAE04EC0-301F-11D3-BF4B-00C04F79EFBC}") = "29_Delegat calc", "29_Delegat calc\29_Delegat calc.csproj", "{0C8751B6-A9B1-416A-B5AF-5B1AB253854A}"
EndProject
Project("{FAE04EC0-301F-11D3-BF4B-00C04F79EFBC}") = "30_DelegatParams", "30_DelegatParams\30_DelegatParams.csproj", "{CE57DDA3-070B-4544-98DD-E2C1DDDEF414}"
EndProject
Project("{FAE04EC0-301F-11D3-BF4B-00C04F79EFBC}") = "31_Std delegate", "31_Std delegate\31_Std delegate.csproj", "{A5674B28-F6A5-4EAF-B8CA-81D7DC9B4B18}"
EndProject
Project("{FAE04EC0-301F-11D3-BF4B-00C04F79EFBC}") = "32_Event", "32_Event\32_Event.csproj", "{A2164961-618C-42CE-B2FE-E6B6E258E92C}"
EndProject
Project("{FAE04EC0-301F-11D3-BF4B-00C04F79EFBC}") = "33_EventHandler", "33_EventHandler\33_EventHandler.csproj", "{730FB307-5E65-46B7-9353-548D034EFD79}"
EndProject
Project("{FAE04EC0-301F-11D3-BF4B-00C04F79EFBC}") = "34_FileStream", "34_FileStream\34_FileStream.csproj", "{6804EBF4-C82F-4D12-BAC1-75002E5AC78E}"
EndProject
Project("{FAE04EC0-301F-11D3-BF4B-00C04F79EFBC}") = "35_FileStream_demo other data types", "35_FileStream_demo other data types\35_FileStream_demo other data types.csproj", "{61821459-09AC-4B7E-8A73-6DBC59EF3548}"
EndProject
Project("{FAE04EC0-301F-11D3-BF4B-00C04F79EFBC}") = "36_BinaryReader_Writer", "36_BinaryReader_Writer\36_BinaryReader_Writer.csproj", "{D2E02C0C-C760-4C5C-A95D-BC6BE2ADC06A}"
EndProject
Project("{FAE04EC0-301F-11D3-BF4B-00C04F79EFBC}") = "37_StreamReader_Writer", "37_StreamReader_Writer\37_StreamReader_Writer.csproj", "{88A79EB6-06AA-4E14-A785-DB505B6D5ED2}"
EndProject
Project("{FAE04EC0-301F-11D3-BF4B-00C04F79EFBC}") = "32_EventHelper home", "32_EventHelper home\32_EventHelper home.csproj", "{5F955FCD-1126-43F6-AC64-1200124093DD}"
EndProject
Project("{FAE04EC0-301F-11D3-BF4B-00C04F79EFBC}") = "38_File_FileInfo", "38_File_FileInfo\38_File_FileInfo.csproj", "{B4BAE22C-1257-409E-AF54-048E89085959}"
EndProject
Project("{FAE04EC0-301F-11D3-BF4B-00C04F79EFBC}") = "39_Directory_DirectoryInfo", "39_Directory_DirectoryInfo\39_Directory_DirectoryInfo.csproj", "{D6652B43-A138-416E-9D17-FE83B7DA3F02}"
EndProject
Global
	GlobalSection(SolutionConfigurationPlatforms) = preSolution
		Debug|Any CPU = Debug|Any CPU
		Release|Any CPU = Release|Any CPU
	EndGlobalSection
	GlobalSection(ProjectConfigurationPlatforms) = postSolution
		{29B7F21B-1865-44B7-A1FF-EFC4B160333D}.Debug|Any CPU.ActiveCfg = Debug|Any CPU
		{29B7F21B-1865-44B7-A1FF-EFC4B160333D}.Debug|Any CPU.Build.0 = Debug|Any CPU
		{29B7F21B-1865-44B7-A1FF-EFC4B160333D}.Release|Any CPU.ActiveCfg = Release|Any CPU
		{29B7F21B-1865-44B7-A1FF-EFC4B160333D}.Release|Any CPU.Build.0 = Release|Any CPU
		{194E01DC-7A1E-4C8C-A69D-DD9D44F8E0F4}.Debug|Any CPU.ActiveCfg = Debug|Any CPU
		{194E01DC-7A1E-4C8C-A69D-DD9D44F8E0F4}.Debug|Any CPU.Build.0 = Debug|Any CPU
		{194E01DC-7A1E-4C8C-A69D-DD9D44F8E0F4}.Release|Any CPU.ActiveCfg = Release|Any CPU
		{194E01DC-7A1E-4C8C-A69D-DD9D44F8E0F4}.Release|Any CPU.Build.0 = Release|Any CPU
		{7D169F2C-A78E-4476-9F54-6B537847F2D9}.Debug|Any CPU.ActiveCfg = Debug|Any CPU
		{7D169F2C-A78E-4476-9F54-6B537847F2D9}.Debug|Any CPU.Build.0 = Debug|Any CPU
		{7D169F2C-A78E-4476-9F54-6B537847F2D9}.Release|Any CPU.ActiveCfg = Release|Any CPU
		{7D169F2C-A78E-4476-9F54-6B537847F2D9}.Release|Any CPU.Build.0 = Release|Any CPU
		{24BF2B5C-295E-47A9-B820-E46CCD87C9A5}.Debug|Any CPU.ActiveCfg = Debug|Any CPU
		{24BF2B5C-295E-47A9-B820-E46CCD87C9A5}.Debug|Any CPU.Build.0 = Debug|Any CPU
		{24BF2B5C-295E-47A9-B820-E46CCD87C9A5}.Release|Any CPU.ActiveCfg = Release|Any CPU
		{24BF2B5C-295E-47A9-B820-E46CCD87C9A5}.Release|Any CPU.Build.0 = Release|Any CPU
		{F6CA5CB8-4E4E-4E29-85E4-215F61C52895}.Debug|Any CPU.ActiveCfg = Debug|Any CPU
		{F6CA5CB8-4E4E-4E29-85E4-215F61C52895}.Debug|Any CPU.Build.0 = Debug|Any CPU
		{F6CA5CB8-4E4E-4E29-85E4-215F61C52895}.Release|Any CPU.ActiveCfg = Release|Any CPU
		{F6CA5CB8-4E4E-4E29-85E4-215F61C52895}.Release|Any CPU.Build.0 = Release|Any CPU
		{7850E402-A77C-4428-B2B5-691562A9150B}.Debug|Any CPU.ActiveCfg = Debug|Any CPU
		{7850E402-A77C-4428-B2B5-691562A9150B}.Debug|Any CPU.Build.0 = Debug|Any CPU
		{7850E402-A77C-4428-B2B5-691562A9150B}.Release|Any CPU.ActiveCfg = Release|Any CPU
		{7850E402-A77C-4428-B2B5-691562A9150B}.Release|Any CPU.Build.0 = Release|Any CPU
		{5464BE8B-AF1D-4C3A-B4BB-7A478DDC3003}.Debug|Any CPU.ActiveCfg = Debug|Any CPU
		{5464BE8B-AF1D-4C3A-B4BB-7A478DDC3003}.Debug|Any CPU.Build.0 = Debug|Any CPU
		{5464BE8B-AF1D-4C3A-B4BB-7A478DDC3003}.Release|Any CPU.ActiveCfg = Release|Any CPU
		{5464BE8B-AF1D-4C3A-B4BB-7A478DDC3003}.Release|Any CPU.Build.0 = Release|Any CPU
		{3C9273AB-CCEC-4BC3-BAFE-BBF9CD967941}.Debug|Any CPU.ActiveCfg = Debug|Any CPU
		{3C9273AB-CCEC-4BC3-BAFE-BBF9CD967941}.Debug|Any CPU.Build.0 = Debug|Any CPU
		{3C9273AB-CCEC-4BC3-BAFE-BBF9CD967941}.Release|Any CPU.ActiveCfg = Release|Any CPU
		{3C9273AB-CCEC-4BC3-BAFE-BBF9CD967941}.Release|Any CPU.Build.0 = Release|Any CPU
		{084A750F-3652-414E-AA8B-FB6AEBF07175}.Debug|Any CPU.ActiveCfg = Debug|Any CPU
		{084A750F-3652-414E-AA8B-FB6AEBF07175}.Debug|Any CPU.Build.0 = Debug|Any CPU
		{084A750F-3652-414E-AA8B-FB6AEBF07175}.Release|Any CPU.ActiveCfg = Release|Any CPU
		{084A750F-3652-414E-AA8B-FB6AEBF07175}.Release|Any CPU.Build.0 = Release|Any CPU
		{D6167F2A-5A50-4B99-B31E-0634122753B5}.Debug|Any CPU.ActiveCfg = Debug|Any CPU
		{D6167F2A-5A50-4B99-B31E-0634122753B5}.Debug|Any CPU.Build.0 = Debug|Any CPU
		{D6167F2A-5A50-4B99-B31E-0634122753B5}.Release|Any CPU.ActiveCfg = Release|Any CPU
		{D6167F2A-5A50-4B99-B31E-0634122753B5}.Release|Any CPU.Build.0 = Release|Any CPU
		{387C7C86-895E-4271-B36D-4416E23052A8}.Debug|Any CPU.ActiveCfg = Debug|Any CPU
		{387C7C86-895E-4271-B36D-4416E23052A8}.Debug|Any CPU.Build.0 = Debug|Any CPU
		{387C7C86-895E-4271-B36D-4416E23052A8}.Release|Any CPU.ActiveCfg = Release|Any CPU
		{387C7C86-895E-4271-B36D-4416E23052A8}.Release|Any CPU.Build.0 = Release|Any CPU
		{0253F79D-44DE-4623-8021-C83BDE74CB94}.Debug|Any CPU.ActiveCfg = Debug|Any CPU
		{0253F79D-44DE-4623-8021-C83BDE74CB94}.Debug|Any CPU.Build.0 = Debug|Any CPU
		{0253F79D-44DE-4623-8021-C83BDE74CB94}.Release|Any CPU.ActiveCfg = Release|Any CPU
		{0253F79D-44DE-4623-8021-C83BDE74CB94}.Release|Any CPU.Build.0 = Release|Any CPU
		{CC320B7F-D1DE-4AE2-9F72-F7B1AFDA56E9}.Debug|Any CPU.ActiveCfg = Debug|Any CPU
		{CC320B7F-D1DE-4AE2-9F72-F7B1AFDA56E9}.Debug|Any CPU.Build.0 = Debug|Any CPU
		{CC320B7F-D1DE-4AE2-9F72-F7B1AFDA56E9}.Release|Any CPU.ActiveCfg = Release|Any CPU
		{CC320B7F-D1DE-4AE2-9F72-F7B1AFDA56E9}.Release|Any CPU.Build.0 = Release|Any CPU
		{2863692E-7FB7-47D8-8426-6FF3C813F496}.Debug|Any CPU.ActiveCfg = Debug|Any CPU
		{2863692E-7FB7-47D8-8426-6FF3C813F496}.Debug|Any CPU.Build.0 = Debug|Any CPU
		{2863692E-7FB7-47D8-8426-6FF3C813F496}.Release|Any CPU.ActiveCfg = Release|Any CPU
		{2863692E-7FB7-47D8-8426-6FF3C813F496}.Release|Any CPU.Build.0 = Release|Any CPU
		{85886CDA-FB5F-4C44-B1D7-A45D5BC172BC}.Debug|Any CPU.ActiveCfg = Debug|Any CPU
		{85886CDA-FB5F-4C44-B1D7-A45D5BC172BC}.Debug|Any CPU.Build.0 = Debug|Any CPU
		{85886CDA-FB5F-4C44-B1D7-A45D5BC172BC}.Release|Any CPU.ActiveCfg = Release|Any CPU
		{85886CDA-FB5F-4C44-B1D7-A45D5BC172BC}.Release|Any CPU.Build.0 = Release|Any CPU
		{48E3338B-06FB-40E9-82E0-77375D83E6EF}.Debug|Any CPU.ActiveCfg = Debug|Any CPU
		{48E3338B-06FB-40E9-82E0-77375D83E6EF}.Debug|Any CPU.Build.0 = Debug|Any CPU
		{48E3338B-06FB-40E9-82E0-77375D83E6EF}.Release|Any CPU.ActiveCfg = Release|Any CPU
		{48E3338B-06FB-40E9-82E0-77375D83E6EF}.Release|Any CPU.Build.0 = Release|Any CPU
		{2ECA4959-FA7C-4727-9C80-37C31A89017E}.Debug|Any CPU.ActiveCfg = Debug|Any CPU
		{2ECA4959-FA7C-4727-9C80-37C31A89017E}.Debug|Any CPU.Build.0 = Debug|Any CPU
		{2ECA4959-FA7C-4727-9C80-37C31A89017E}.Release|Any CPU.ActiveCfg = Release|Any CPU
		{2ECA4959-FA7C-4727-9C80-37C31A89017E}.Release|Any CPU.Build.0 = Release|Any CPU
		{5E57F2DB-502E-4F68-A2F7-D87939B0A046}.Debug|Any CPU.ActiveCfg = Debug|Any CPU
		{5E57F2DB-502E-4F68-A2F7-D87939B0A046}.Debug|Any CPU.Build.0 = Debug|Any CPU
		{5E57F2DB-502E-4F68-A2F7-D87939B0A046}.Release|Any CPU.ActiveCfg = Release|Any CPU
		{5E57F2DB-502E-4F68-A2F7-D87939B0A046}.Release|Any CPU.Build.0 = Release|Any CPU
		{FB901676-66F4-43E4-8067-5F1FEE269710}.Debug|Any CPU.ActiveCfg = Debug|Any CPU
		{FB901676-66F4-43E4-8067-5F1FEE269710}.Debug|Any CPU.Build.0 = Debug|Any CPU
		{FB901676-66F4-43E4-8067-5F1FEE269710}.Release|Any CPU.ActiveCfg = Release|Any CPU
		{FB901676-66F4-43E4-8067-5F1FEE269710}.Release|Any CPU.Build.0 = Release|Any CPU
		{1E45315A-5DD7-4066-A643-2D869C21449B}.Debug|Any CPU.ActiveCfg = Debug|Any CPU
		{1E45315A-5DD7-4066-A643-2D869C21449B}.Debug|Any CPU.Build.0 = Debug|Any CPU
		{1E45315A-5DD7-4066-A643-2D869C21449B}.Release|Any CPU.ActiveCfg = Release|Any CPU
		{1E45315A-5DD7-4066-A643-2D869C21449B}.Release|Any CPU.Build.0 = Release|Any CPU
		{E8922E25-30FB-4557-AB13-46D7024F81F6}.Debug|Any CPU.ActiveCfg = Debug|Any CPU
		{E8922E25-30FB-4557-AB13-46D7024F81F6}.Debug|Any CPU.Build.0 = Debug|Any CPU
		{E8922E25-30FB-4557-AB13-46D7024F81F6}.Release|Any CPU.ActiveCfg = Release|Any CPU
		{E8922E25-30FB-4557-AB13-46D7024F81F6}.Release|Any CPU.Build.0 = Release|Any CPU
		{E64FB81A-07BA-47CE-92EC-CC384E4B8DB9}.Debug|Any CPU.ActiveCfg = Debug|Any CPU
		{E64FB81A-07BA-47CE-92EC-CC384E4B8DB9}.Debug|Any CPU.Build.0 = Debug|Any CPU
		{E64FB81A-07BA-47CE-92EC-CC384E4B8DB9}.Release|Any CPU.ActiveCfg = Release|Any CPU
		{E64FB81A-07BA-47CE-92EC-CC384E4B8DB9}.Release|Any CPU.Build.0 = Release|Any CPU
		{CA869161-F6AC-4FE2-8BB2-7E8F15066E90}.Debug|Any CPU.ActiveCfg = Debug|Any CPU
		{CA869161-F6AC-4FE2-8BB2-7E8F15066E90}.Debug|Any CPU.Build.0 = Debug|Any CPU
		{CA869161-F6AC-4FE2-8BB2-7E8F15066E90}.Release|Any CPU.ActiveCfg = Release|Any CPU
		{CA869161-F6AC-4FE2-8BB2-7E8F15066E90}.Release|Any CPU.Build.0 = Release|Any CPU
		{D8201799-8EB5-4BC6-97EA-9215054E3113}.Debug|Any CPU.ActiveCfg = Debug|Any CPU
		{D8201799-8EB5-4BC6-97EA-9215054E3113}.Debug|Any CPU.Build.0 = Debug|Any CPU
		{D8201799-8EB5-4BC6-97EA-9215054E3113}.Release|Any CPU.ActiveCfg = Release|Any CPU
		{D8201799-8EB5-4BC6-97EA-9215054E3113}.Release|Any CPU.Build.0 = Release|Any CPU
		{4A9C9EA8-86DA-427B-BD80-D4E569ADB8FF}.Debug|Any CPU.ActiveCfg = Debug|Any CPU
		{4A9C9EA8-86DA-427B-BD80-D4E569ADB8FF}.Debug|Any CPU.Build.0 = Debug|Any CPU
		{4A9C9EA8-86DA-427B-BD80-D4E569ADB8FF}.Release|Any CPU.ActiveCfg = Release|Any CPU
		{4A9C9EA8-86DA-427B-BD80-D4E569ADB8FF}.Release|Any CPU.Build.0 = Release|Any CPU
		{F2BC483F-D1C1-43CC-ABCC-0A1FA5B93710}.Debug|Any CPU.ActiveCfg = Debug|Any CPU
		{F2BC483F-D1C1-43CC-ABCC-0A1FA5B93710}.Debug|Any CPU.Build.0 = Debug|Any CPU
		{F2BC483F-D1C1-43CC-ABCC-0A1FA5B93710}.Release|Any CPU.ActiveCfg = Release|Any CPU
		{F2BC483F-D1C1-43CC-ABCC-0A1FA5B93710}.Release|Any CPU.Build.0 = Release|Any CPU
		{7AE0C27F-43DF-4313-89D1-16A6F8B02AEE}.Debug|Any CPU.ActiveCfg = Debug|Any CPU
		{7AE0C27F-43DF-4313-89D1-16A6F8B02AEE}.Debug|Any CPU.Build.0 = Debug|Any CPU
		{7AE0C27F-43DF-4313-89D1-16A6F8B02AEE}.Release|Any CPU.ActiveCfg = Release|Any CPU
		{7AE0C27F-43DF-4313-89D1-16A6F8B02AEE}.Release|Any CPU.Build.0 = Release|Any CPU
		{0A52DD4C-4578-4106-86CC-FB48D4D4A986}.Debug|Any CPU.ActiveCfg = Debug|Any CPU
		{0A52DD4C-4578-4106-86CC-FB48D4D4A986}.Debug|Any CPU.Build.0 = Debug|Any CPU
		{0A52DD4C-4578-4106-86CC-FB48D4D4A986}.Release|Any CPU.ActiveCfg = Release|Any CPU
		{0A52DD4C-4578-4106-86CC-FB48D4D4A986}.Release|Any CPU.Build.0 = Release|Any CPU
		{9698F10F-FDBA-4CA9-94E2-D40AB3141207}.Debug|Any CPU.ActiveCfg = Debug|Any CPU
		{9698F10F-FDBA-4CA9-94E2-D40AB3141207}.Debug|Any CPU.Build.0 = Debug|Any CPU
		{9698F10F-FDBA-4CA9-94E2-D40AB3141207}.Release|Any CPU.ActiveCfg = Release|Any CPU
		{9698F10F-FDBA-4CA9-94E2-D40AB3141207}.Release|Any CPU.Build.0 = Release|Any CPU
		{5995D715-594F-4972-B4E0-6F7A502369EC}.Debug|Any CPU.ActiveCfg = Debug|Any CPU
		{5995D715-594F-4972-B4E0-6F7A502369EC}.Debug|Any CPU.Build.0 = Debug|Any CPU
		{5995D715-594F-4972-B4E0-6F7A502369EC}.Release|Any CPU.ActiveCfg = Release|Any CPU
		{5995D715-594F-4972-B4E0-6F7A502369EC}.Release|Any CPU.Build.0 = Release|Any CPU
		{0C8751B6-A9B1-416A-B5AF-5B1AB253854A}.Debug|Any CPU.ActiveCfg = Debug|Any CPU
		{0C8751B6-A9B1-416A-B5AF-5B1AB253854A}.Debug|Any CPU.Build.0 = Debug|Any CPU
		{0C8751B6-A9B1-416A-B5AF-5B1AB253854A}.Release|Any CPU.ActiveCfg = Release|Any CPU
		{0C8751B6-A9B1-416A-B5AF-5B1AB253854A}.Release|Any CPU.Build.0 = Release|Any CPU
		{CE57DDA3-070B-4544-98DD-E2C1DDDEF414}.Debug|Any CPU.ActiveCfg = Debug|Any CPU
		{CE57DDA3-070B-4544-98DD-E2C1DDDEF414}.Debug|Any CPU.Build.0 = Debug|Any CPU
		{CE57DDA3-070B-4544-98DD-E2C1DDDEF414}.Release|Any CPU.ActiveCfg = Release|Any CPU
		{CE57DDA3-070B-4544-98DD-E2C1DDDEF414}.Release|Any CPU.Build.0 = Release|Any CPU
		{A5674B28-F6A5-4EAF-B8CA-81D7DC9B4B18}.Debug|Any CPU.ActiveCfg = Debug|Any CPU
		{A5674B28-F6A5-4EAF-B8CA-81D7DC9B4B18}.Debug|Any CPU.Build.0 = Debug|Any CPU
		{A5674B28-F6A5-4EAF-B8CA-81D7DC9B4B18}.Release|Any CPU.ActiveCfg = Release|Any CPU
		{A5674B28-F6A5-4EAF-B8CA-81D7DC9B4B18}.Release|Any CPU.Build.0 = Release|Any CPU
		{A2164961-618C-42CE-B2FE-E6B6E258E92C}.Debug|Any CPU.ActiveCfg = Debug|Any CPU
		{A2164961-618C-42CE-B2FE-E6B6E258E92C}.Debug|Any CPU.Build.0 = Debug|Any CPU
		{A2164961-618C-42CE-B2FE-E6B6E258E92C}.Release|Any CPU.ActiveCfg = Release|Any CPU
		{A2164961-618C-42CE-B2FE-E6B6E258E92C}.Release|Any CPU.Build.0 = Release|Any CPU
		{730FB307-5E65-46B7-9353-548D034EFD79}.Debug|Any CPU.ActiveCfg = Debug|Any CPU
		{730FB307-5E65-46B7-9353-548D034EFD79}.Debug|Any CPU.Build.0 = Debug|Any CPU
		{730FB307-5E65-46B7-9353-548D034EFD79}.Release|Any CPU.ActiveCfg = Release|Any CPU
		{730FB307-5E65-46B7-9353-548D034EFD79}.Release|Any CPU.Build.0 = Release|Any CPU
		{6804EBF4-C82F-4D12-BAC1-75002E5AC78E}.Debug|Any CPU.ActiveCfg = Debug|Any CPU
		{6804EBF4-C82F-4D12-BAC1-75002E5AC78E}.Debug|Any CPU.Build.0 = Debug|Any CPU
		{6804EBF4-C82F-4D12-BAC1-75002E5AC78E}.Release|Any CPU.ActiveCfg = Release|Any CPU
		{6804EBF4-C82F-4D12-BAC1-75002E5AC78E}.Release|Any CPU.Build.0 = Release|Any CPU
		{61821459-09AC-4B7E-8A73-6DBC59EF3548}.Debug|Any CPU.ActiveCfg = Debug|Any CPU
		{61821459-09AC-4B7E-8A73-6DBC59EF3548}.Debug|Any CPU.Build.0 = Debug|Any CPU
		{61821459-09AC-4B7E-8A73-6DBC59EF3548}.Release|Any CPU.ActiveCfg = Release|Any CPU
		{61821459-09AC-4B7E-8A73-6DBC59EF3548}.Release|Any CPU.Build.0 = Release|Any CPU
		{D2E02C0C-C760-4C5C-A95D-BC6BE2ADC06A}.Debug|Any CPU.ActiveCfg = Debug|Any CPU
		{D2E02C0C-C760-4C5C-A95D-BC6BE2ADC06A}.Debug|Any CPU.Build.0 = Debug|Any CPU
		{D2E02C0C-C760-4C5C-A95D-BC6BE2ADC06A}.Release|Any CPU.ActiveCfg = Release|Any CPU
		{D2E02C0C-C760-4C5C-A95D-BC6BE2ADC06A}.Release|Any CPU.Build.0 = Release|Any CPU
		{88A79EB6-06AA-4E14-A785-DB505B6D5ED2}.Debug|Any CPU.ActiveCfg = Debug|Any CPU
		{88A79EB6-06AA-4E14-A785-DB505B6D5ED2}.Debug|Any CPU.Build.0 = Debug|Any CPU
		{88A79EB6-06AA-4E14-A785-DB505B6D5ED2}.Release|Any CPU.ActiveCfg = Release|Any CPU
		{88A79EB6-06AA-4E14-A785-DB505B6D5ED2}.Release|Any CPU.Build.0 = Release|Any CPU
		{5F955FCD-1126-43F6-AC64-1200124093DD}.Debug|Any CPU.ActiveCfg = Debug|Any CPU
		{5F955FCD-1126-43F6-AC64-1200124093DD}.Debug|Any CPU.Build.0 = Debug|Any CPU
		{5F955FCD-1126-43F6-AC64-1200124093DD}.Release|Any CPU.ActiveCfg = Release|Any CPU
		{5F955FCD-1126-43F6-AC64-1200124093DD}.Release|Any CPU.Build.0 = Release|Any CPU
		{B4BAE22C-1257-409E-AF54-048E89085959}.Debug|Any CPU.ActiveCfg = Debug|Any CPU
		{B4BAE22C-1257-409E-AF54-048E89085959}.Debug|Any CPU.Build.0 = Debug|Any CPU
		{B4BAE22C-1257-409E-AF54-048E89085959}.Release|Any CPU.ActiveCfg = Release|Any CPU
		{B4BAE22C-1257-409E-AF54-048E89085959}.Release|Any CPU.Build.0 = Release|Any CPU
		{D6652B43-A138-416E-9D17-FE83B7DA3F02}.Debug|Any CPU.ActiveCfg = Debug|Any CPU
		{D6652B43-A138-416E-9D17-FE83B7DA3F02}.Debug|Any CPU.Build.0 = Debug|Any CPU
		{D6652B43-A138-416E-9D17-FE83B7DA3F02}.Release|Any CPU.ActiveCfg = Release|Any CPU
		{D6652B43-A138-416E-9D17-FE83B7DA3F02}.Release|Any CPU.Build.0 = Release|Any CPU
	EndGlobalSection
	GlobalSection(SolutionProperties) = preSolution
		HideSolutionNode = FALSE
	EndGlobalSection
	GlobalSection(ExtensibilityGlobals) = postSolution
		SolutionGuid = {E7898B0B-F531-4AF9-B73D-65A7123D0156}
	EndGlobalSection
EndGlobal
